
Microsoft Visual Studio Solution File, Format Version 12.00
# Visual Studio Version 17
VisualStudioVersion = 17.0.31912.275
MinimumVisualStudioVersion = 10.0.40219.1
Project("{9A19103F-16F7-4668-BE54-9A1E7A4F7556}") = "discord_clicker", "discord_clicker\discord_clicker.csproj", "{64EDE3A0-174D-4E18-AC47-E1819EC2522A}"
EndProject
Global
	GlobalSection(SolutionConfigurationPlatforms) = preSolution
		Debug|Any CPU = Debug|Any CPU
		Release|Any CPU = Release|Any CPU
	EndGlobalSection
	GlobalSection(ProjectConfigurationPlatforms) = postSolution
		{64EDE3A0-174D-4E18-AC47-E1819EC2522A}.Debug|Any CPU.ActiveCfg = Debug|Any CPU
		{64EDE3A0-174D-4E18-AC47-E1819EC2522A}.Debug|Any CPU.Build.0 = Debug|Any CPU
		{64EDE3A0-174D-4E18-AC47-E1819EC2522A}.Release|Any CPU.ActiveCfg = Release|Any CPU
		{64EDE3A0-174D-4E18-AC47-E1819EC2522A}.Release|Any CPU.Build.0 = Release|Any CPU
	EndGlobalSection
	GlobalSection(SolutionProperties) = preSolution
		HideSolutionNode = FALSE
	EndGlobalSection
	GlobalSection(ExtensibilityGlobals) = postSolution
		SolutionGuid = {B0BA4C70-FAF3-45ED-93E2-002F1B273106}
	EndGlobalSection
EndGlobal
